{
  "requires": true,
  "lockfileVersion": 1,
  "dependencies": {
    "date-and-time": {
      "version": "1.0.0",
      "resolved": "https://registry.npmjs.org/date-and-time/-/date-and-time-1.0.0.tgz",
      "integrity": "sha512-477D7ypIiqlXBkxhU7YtG9wWZJEQ+RUpujt2quTfgf4+E8g5fNUkB0QIL0bVyP5/TKBg8y55Hfa1R/c4bt3dEw=="
    }
  }
}
